// !$*UTF8*$!
{
	archiveVersion = 1;
	classes = {
	};
	objectVersion = 50;
	objects = {

/* Begin PBXBuildFile section */
		F4CD1439277ED6EF006DB8A9 /* StateWithListFilterDemoApp.swift in Sources */ = {isa = PBXBuildFile; fileRef = F4CD1438277ED6EF006DB8A9 /* StateWithListFilterDemoApp.swift */; };
		F4CD143B277ED6EF006DB8A9 /* ContentView.swift in Sources */ = {isa = PBXBuildFile; fileRef = F4CD143A277ED6EF006DB8A9 /* ContentView.swift */; };
		F4CD143D277ED6F1006DB8A9 /* Assets.xcassets in Resources */ = {isa = PBXBuildFile; fileRef = F4CD143C277ED6F1006DB8A9 /* Assets.xcassets */; };
		F4CD1440277ED6F1006DB8A9 /* Preview Assets.xcassets in Resources */ = {isa = PBXBuildFile; fileRef = F4CD143F277ED6F1006DB8A9 /* Preview Assets.xcassets */; };
		F4CD144B277ED6F1006DB8A9 /* StateWithListFilterDemoTests.swift in Sources */ = {isa = PBXBuildFile; fileRef = F4CD144A277ED6F1006DB8A9 /* StateWithListFilterDemoTests.swift */; };
		F4CD1456277ED6F1006DB8A9 /* StateWithListFilterDemoUITests.swift in Sources */ = {isa = PBXBuildFile; fileRef = F4CD1455277ED6F1006DB8A9 /* StateWithListFilterDemoUITests.swift */; };
		F4CD1468277ED72D006DB8A9 /* Dish.swift in Sources */ = {isa = PBXBuildFile; fileRef = F4CD1467277ED72D006DB8A9 /* Dish.swift */; };
/* End PBXBuildFile section */

/* Begin PBXContainerItemProxy section */
		F4CD1447277ED6F1006DB8A9 /* PBXContainerItemProxy */ = {
			isa = PBXContainerItemProxy;
			containerPortal = F4CD142D277ED6EF006DB8A9 /* Project object */;
			proxyType = 1;
			remoteGlobalIDString = F4CD1434277ED6EF006DB8A9;
			remoteInfo = StateWithListFilterDemo;
		};
		F4CD1452277ED6F1006DB8A9 /* PBXContainerItemProxy */ = {
			isa = PBXContainerItemProxy;
			containerPortal = F4CD142D277ED6EF006DB8A9 /* Project object */;
			proxyType = 1;
			remoteGlobalIDString = F4CD1434277ED6EF006DB8A9;
			remoteInfo = StateWithListFilterDemo;
		};
/* End PBXContainerItemProxy section */

/* Begin PBXFileReference section */
		F4CD1435277ED6EF006DB8A9 /* StateWithListFilterDemo.app */ = {isa = PBXFileReference; explicitFileType = wrapper.application; includeInIndex = 0; path = StateWithListFilterDemo.app; sourceTree = BUILT_PRODUCTS_DIR; };
		F4CD1438277ED6EF006DB8A9 /* StateWithListFilterDemoApp.swift */ = {isa = PBXFileReference; lastKnownFileType = sourcecode.swift; path = StateWithListFilterDemoApp.swift; sourceTree = "<group>"; };
		F4CD143A277ED6EF006DB8A9 /* ContentView.swift */ = {isa = PBXFileReference; lastKnownFileType = sourcecode.swift; path = ContentView.swift; sourceTree = "<group>"; };
		F4CD143C277ED6F1006DB8A9 /* Assets.xcassets */ = {isa = PBXFileReference; lastKnownFileType = folder.assetcatalog; path = Assets.xcassets; sourceTree = "<group>"; };
		F4CD143F277ED6F1006DB8A9 /* Preview Assets.xcassets */ = {isa = PBXFileReference; lastKnownFileType = folder.assetcatalog; path = "Preview Assets.xcassets"; sourceTree = "<group>"; };
		F4CD1441277ED6F1006DB8A9 /* Info.plist */ = {isa = PBXFileReference; lastKnownFileType = text.plist.xml; path = Info.plist; sourceTree = "<group>"; };
		F4CD1446277ED6F1006DB8A9 /* StateWithListFilterDemoTests.xctest */ = {isa = PBXFileReference; explicitFileType = wrapper.cfbundle; includeInIndex = 0; path = StateWithListFilterDemoTests.xctest; sourceTree = BUILT_PRODUCTS_DIR; };
		F4CD144A277ED6F1006DB8A9 /* StateWithListFilterDemoTests.swift */ = {isa = PBXFileReference; lastKnownFileType = sourcecode.swift; path = StateWithListFilterDemoTests.swift; sourceTree = "<group>"; };
		F4CD144C277ED6F1006DB8A9 /* Info.plist */ = {isa = PBXFileReference; lastKnownFileType = text.plist.xml; path = Info.plist; sourceTree = "<group>"; };
		F4CD1451277ED6F1006DB8A9 /* StateWithListFilterDemoUITests.xctest */ = {isa = PBXFileReference; explicitFileType = wrapper.cfbundle; includeInIndex = 0; path = StateWithListFilterDemoUITests.xctest; sourceTree = BUILT_PRODUCTS_DIR; };
		F4CD1455277ED6F1006DB8A9 /* StateWithListFilterDemoUITests.swift */ = {isa = PBXFileReference; lastKnownFileType = sourcecode.swift; path = StateWithListFilterDemoUITests.swift; sourceTree = "<group>"; };
		F4CD1457277ED6F1006DB8A9 /* Info.plist */ = {isa = PBXFileReference; lastKnownFileType = text.plist.xml; path = Info.plist; sourceTree = "<group>"; };
		F4CD1467277ED72D006DB8A9 /* Dish.swift */ = {isa = PBXFileReference; lastKnownFileType = sourcecode.swift; path = Dish.swift; sourceTree = "<group>"; };
/* End PBXFileReference section */

/* Begin PBXFrameworksBuildPhase section */
		F4CD1432277ED6EF006DB8A9 /* Frameworks */ = {
			isa = PBXFrameworksBuildPhase;
			buildActionMask = 2147483647;
			files = (
			);
			runOnlyForDeploymentPostprocessing = 0;
		};
		F4CD1443277ED6F1006DB8A9 /* Frameworks */ = {
			isa = PBXFrameworksBuildPhase;
			buildActionMask = 2147483647;
			files = (
			);
			runOnlyForDeploymentPostprocessing = 0;
		};
		F4CD144E277ED6F1006DB8A9 /* Frameworks */ = {
			isa = PBXFrameworksBuildPhase;
			buildActionMask = 2147483647;
			files = (
			);
			runOnlyForDeploymentPostprocessing = 0;
		};
/* End PBXFrameworksBuildPhase section */

/* Begin PBXGroup section */
		F4CD142C277ED6EF006DB8A9 = {
			isa = PBXGroup;
			children = (
				F4CD1437277ED6EF006DB8A9 /* StateWithListFilterDemo */,
				F4CD1449277ED6F1006DB8A9 /* StateWithListFilterDemoTests */,
				F4CD1454277ED6F1006DB8A9 /* StateWithListFilterDemoUITests */,
				F4CD1436277ED6EF006DB8A9 /* Products */,
			);
			sourceTree = "<group>";
		};
		F4CD1436277ED6EF006DB8A9 /* Products */ = {
			isa = PBXGroup;
			children = (
				F4CD1435277ED6EF006DB8A9 /* StateWithListFilterDemo.app */,
				F4CD1446277ED6F1006DB8A9 /* StateWithListFilterDemoTests.xctest */,
				F4CD1451277ED6F1006DB8A9 /* StateWithListFilterDemoUITests.xctest */,
			);
			name = Products;
			sourceTree = "<group>";
		};
		F4CD1437277ED6EF006DB8A9 /* StateWithListFilterDemo */ = {
			isa = PBXGroup;
			children = (
				F4CD1466277ED71D006DB8A9 /* Model */,
				F4CD1438277ED6EF006DB8A9 /* StateWithListFilterDemoApp.swift */,
				F4CD143A277ED6EF006DB8A9 /* ContentView.swift */,
				F4CD143C277ED6F1006DB8A9 /* Assets.xcassets */,
				F4CD1441277ED6F1006DB8A9 /* Info.plist */,
				F4CD143E277ED6F1006DB8A9 /* Preview Content */,
			);
			path = StateWithListFilterDemo;
			sourceTree = "<group>";
		};
		F4CD143E277ED6F1006DB8A9 /* Preview Content */ = {
			isa = PBXGroup;
			children = (
				F4CD143F277ED6F1006DB8A9 /* Preview Assets.xcassets */,
			);
			path = "Preview Content";
			sourceTree = "<group>";
		};
		F4CD1449277ED6F1006DB8A9 /* StateWithListFilterDemoTests */ = {
			isa = PBXGroup;
			children = (
				F4CD144A277ED6F1006DB8A9 /* StateWithListFilterDemoTests.swift */,
				F4CD144C277ED6F1006DB8A9 /* Info.plist */,
			);
			path = StateWithListFilterDemoTests;
			sourceTree = "<group>";
		};
		F4CD1454277ED6F1006DB8A9 /* StateWithListFilterDemoUITests */ = {
			isa = PBXGroup;
			children = (
				F4CD1455277ED6F1006DB8A9 /* StateWithListFilterDemoUITests.swift */,
				F4CD1457277ED6F1006DB8A9 /* Info.plist */,
			);
			path = StateWithListFilterDemoUITests;
			sourceTree = "<group>";
		};
		F4CD1466277ED71D006DB8A9 /* Model */ = {
			isa = PBXGroup;
			children = (
				F4CD1467277ED72D006DB8A9 /* Dish.swift */,
			);
			path = Model;
			sourceTree = "<group>";
		};
/* End PBXGroup section */

/* Begin PBXNativeTarget section */
		F4CD1434277ED6EF006DB8A9 /* StateWithListFilterDemo */ = {
			isa = PBXNativeTarget;
			buildConfigurationList = F4CD145A277ED6F1006DB8A9 /* Build configuration list for PBXNativeTarget "StateWithListFilterDemo" */;
			buildPhases = (
				F4CD1431277ED6EF006DB8A9 /* Sources */,
				F4CD1432277ED6EF006DB8A9 /* Frameworks */,
				F4CD1433277ED6EF006DB8A9 /* Resources */,
			);
			buildRules = (
			);
			dependencies = (
			);
			name = StateWithListFilterDemo;
			productName = StateWithListFilterDemo;
			productReference = F4CD1435277ED6EF006DB8A9 /* StateWithListFilterDemo.app */;
			productType = "com.apple.product-type.application";
		};
		F4CD1445277ED6F1006DB8A9 /* StateWithListFilterDemoTests */ = {
			isa = PBXNativeTarget;
			buildConfigurationList = F4CD145D277ED6F1006DB8A9 /* Build configuration list for PBXNativeTarget "StateWithListFilterDemoTests" */;
			buildPhases = (
				F4CD1442277ED6F1006DB8A9 /* Sources */,
				F4CD1443277ED6F1006DB8A9 /* Frameworks */,
				F4CD1444277ED6F1006DB8A9 /* Resources */,
			);
			buildRules = (
			);
			dependencies = (
				F4CD1448277ED6F1006DB8A9 /* PBXTargetDependency */,
			);
			name = StateWithListFilterDemoTests;
			productName = StateWithListFilterDemoTests;
			productReference = F4CD1446277ED6F1006DB8A9 /* StateWithListFilterDemoTests.xctest */;
			productType = "com.apple.product-type.bundle.unit-test";
		};
		F4CD1450277ED6F1006DB8A9 /* StateWithListFilterDemoUITests */ = {
			isa = PBXNativeTarget;
			buildConfigurationList = F4CD1460277ED6F1006DB8A9 /* Build configuration list for PBXNativeTarget "StateWithListFilterDemoUITests" */;
			buildPhases = (
				F4CD144D277ED6F1006DB8A9 /* Sources */,
				F4CD144E277ED6F1006DB8A9 /* Frameworks */,
				F4CD144F277ED6F1006DB8A9 /* Resources */,
			);
			buildRules = (
			);
			dependencies = (
				F4CD1453277ED6F1006DB8A9 /* PBXTargetDependency */,
			);
			name = StateWithListFilterDemoUITests;
			productName = StateWithListFilterDemoUITests;
			productReference = F4CD1451277ED6F1006DB8A9 /* StateWithListFilterDemoUITests.xctest */;
			productType = "com.apple.product-type.bundle.ui-testing";
		};
/* End PBXNativeTarget section */

/* Begin PBXProject section */
		F4CD142D277ED6EF006DB8A9 /* Project object */ = {
			isa = PBXProject;
			attributes = {
				LastSwiftUpdateCheck = 1240;
				LastUpgradeCheck = 1240;
				TargetAttributes = {
					F4CD1434277ED6EF006DB8A9 = {
						CreatedOnToolsVersion = 12.4;
					};
					F4CD1445277ED6F1006DB8A9 = {
						CreatedOnToolsVersion = 12.4;
						TestTargetID = F4CD1434277ED6EF006DB8A9;
					};
					F4CD1450277ED6F1006DB8A9 = {
						CreatedOnToolsVersion = 12.4;
						TestTargetID = F4CD1434277ED6EF006DB8A9;
					};
				};
			};
			buildConfigurationList = F4CD1430277ED6EF006DB8A9 /* Build configuration list for PBXProject "StateWithListFilterDemo" */;
			compatibilityVersion = "Xcode 9.3";
			developmentRegion = en;
			hasScannedForEncodings = 0;
			knownRegions = (
				en,
				Base,
			);
			mainGroup = F4CD142C277ED6EF006DB8A9;
			productRefGroup = F4CD1436277ED6EF006DB8A9 /* Products */;
			projectDirPath = "";
			projectRoot = "";
			targets = (
				F4CD1434277ED6EF006DB8A9 /* StateWithListFilterDemo */,
				F4CD1445277ED6F1006DB8A9 /* StateWithListFilterDemoTests */,
				F4CD1450277ED6F1006DB8A9 /* StateWithListFilterDemoUITests */,
			);
		};
/* End PBXProject section */

/* Begin PBXResourcesBuildPhase section */
		F4CD1433277ED6EF006DB8A9 /* Resources */ = {
			isa = PBXResourcesBuildPhase;
			buildActionMask = 2147483647;
			files = (
				F4CD1440277ED6F1006DB8A9 /* Preview Assets.xcassets in Resources */,
				F4CD143D277ED6F1006DB8A9 /* Assets.xcassets in Resources */,
			);
			runOnlyForDeploymentPostprocessing = 0;
		};
		F4CD1444277ED6F1006DB8A9 /* Resources */ = {
			isa = PBXResourcesBuildPhase;
			buildActionMask = 2147483647;
			files = (
			);
			runOnlyForDeploymentPostprocessing = 0;
		};
		F4CD144F277ED6F1006DB8A9 /* Resources */ = {
			isa = PBXResourcesBuildPhase;
			buildActionMask = 2147483647;
			files = (
			);
			runOnlyForDeploymentPostprocessing = 0;
		};
/* End PBXResourcesBuildPhase section */

/* Begin PBXSourcesBuildPhase section */
		F4CD1431277ED6EF006DB8A9 /* Sources */ = {
			isa = PBXSourcesBuildPhase;
			buildActionMask = 2147483647;
			files = (
				F4CD1468277ED72D006DB8A9 /* Dish.swift in Sources */,
				F4CD143B277ED6EF006DB8A9 /* ContentView.swift in Sources */,
				F4CD1439277ED6EF006DB8A9 /* StateWithListFilterDemoApp.swift in Sources */,
			);
			runOnlyForDeploymentPostprocessing = 0;
		};
		F4CD1442277ED6F1006DB8A9 /* Sources */ = {
			isa = PBXSourcesBuildPhase;
			buildActionMask = 2147483647;
			files = (
				F4CD144B277ED6F1006DB8A9 /* StateWithListFilterDemoTests.swift in Sources */,
			);
			runOnlyForDeploymentPostprocessing = 0;
		};
		F4CD144D277ED6F1006DB8A9 /* Sources */ = {
			isa = PBXSourcesBuildPhase;
			buildActionMask = 2147483647;
			files = (
				F4CD1456277ED6F1006DB8A9 /* StateWithListFilterDemoUITests.swift in Sources */,
			);
			runOnlyForDeploymentPostprocessing = 0;
		};
/* End PBXSourcesBuildPhase section */

/* Begin PBXTargetDependency section */
		F4CD1448277ED6F1006DB8A9 /* PBXTargetDependency */ = {
			isa = PBXTargetDependency;
			target = F4CD1434277ED6EF006DB8A9 /* StateWithListFilterDemo */;
			targetProxy = F4CD1447277ED6F1006DB8A9 /* PBXContainerItemProxy */;
		};
		F4CD1453277ED6F1006DB8A9 /* PBXTargetDependency */ = {
			isa = PBXTargetDependency;
			target = F4CD1434277ED6EF006DB8A9 /* StateWithListFilterDemo */;
			targetProxy = F4CD1452277ED6F1006DB8A9 /* PBXContainerItemProxy */;
		};
/* End PBXTargetDependency section */

/* Begin XCBuildConfiguration section */
		F4CD1458277ED6F1006DB8A9 /* Debug */ = {
			isa = XCBuildConfiguration;
			buildSettings = {
				ALWAYS_SEARCH_USER_PATHS = NO;
				CLANG_ANALYZER_NONNULL = YES;
				CLANG_ANALYZER_NUMBER_OBJECT_CONVERSION = YES_AGGRESSIVE;
				CLANG_CXX_LANGUAGE_STANDARD = "gnu++14";
				CLANG_CXX_LIBRARY = "libc++";
				CLANG_ENABLE_MODULES = YES;
				CLANG_ENABLE_OBJC_ARC = YES;
				CLANG_ENABLE_OBJC_WEAK = YES;
				CLANG_WARN_BLOCK_CAPTURE_AUTORELEASING = YES;
				CLANG_WARN_BOOL_CONVERSION = YES;
				CLANG_WARN_COMMA = YES;
				CLANG_WARN_CONSTANT_CONVERSION = YES;
				CLANG_WARN_DEPRECATED_OBJC_IMPLEMENTATIONS = YES;
				CLANG_WARN_DIRECT_OBJC_ISA_USAGE = YES_ERROR;
				CLANG_WARN_DOCUMENTATION_COMMENTS = YES;
				CLANG_WARN_EMPTY_BODY = YES;
				CLANG_WARN_ENUM_CONVERSION = YES;
				CLANG_WARN_INFINITE_RECURSION = YES;
				CLANG_WARN_INT_CONVERSION = YES;
				CLANG_WARN_NON_LITERAL_NULL_CONVERSION = YES;
				CLANG_WARN_OBJC_IMPLICIT_RETAIN_SELF = YES;
				CLANG_WARN_OBJC_LITERAL_CONVERSION = YES;
				CLANG_WARN_OBJC_ROOT_CLASS = YES_ERROR;
				CLANG_WARN_QUOTED_INCLUDE_IN_FRAMEWORK_HEADER = YES;
				CLANG_WARN_RANGE_LOOP_ANALYSIS = YES;
				CLANG_WARN_STRICT_PROTOTYPES = YES;
				CLANG_WARN_SUSPICIOUS_MOVE = YES;
				CLANG_WARN_UNGUARDED_AVAILABILITY = YES_AGGRESSIVE;
				CLANG_WARN_UNREACHABLE_CODE = YES;
				CLANG_WARN__DUPLICATE_METHOD_MATCH = YES;
				COPY_PHASE_STRIP = NO;
				DEBUG_INFORMATION_FORMAT = dwarf;
				ENABLE_STRICT_OBJC_MSGSEND = YES;
				ENABLE_TESTABILITY = YES;
				GCC_C_LANGUAGE_STANDARD = gnu11;
				GCC_DYNAMIC_NO_PIC = NO;
				GCC_NO_COMMON_BLOCKS = YES;
				GCC_OPTIMIZATION_LEVEL = 0;
				GCC_PREPROCESSOR_DEFINITIONS = (
					"DEBUG=1",
					"$(inherited)",
				);
				GCC_WARN_64_TO_32_BIT_CONVERSION = YES;
				GCC_WARN_ABOUT_RETURN_TYPE = YES_ERROR;
				GCC_WARN_UNDECLARED_SELECTOR = YES;
				GCC_WARN_UNINITIALIZED_AUTOS = YES_AGGRESSIVE;
				GCC_WARN_UNUSED_FUNCTION = YES;
				GCC_WARN_UNUSED_VARIABLE = YES;
				IPHONEOS_DEPLOYMENT_TARGET = 14.4;
				MTL_ENABLE_DEBUG_INFO = INCLUDE_SOURCE;
				MTL_FAST_MATH = YES;
				ONLY_ACTIVE_ARCH = YES;
				SDKROOT = iphoneos;
				SWIFT_ACTIVE_COMPILATION_CONDITIONS = DEBUG;
				SWIFT_OPTIMIZATION_LEVEL = "-Onone";
			};
			name = Debug;
		};
		F4CD1459277ED6F1006DB8A9 /* Release */ = {
			isa = XCBuildConfiguration;
			buildSettings = {
				ALWAYS_SEARCH_USER_PATHS = NO;
				CLANG_ANALYZER_NONNULL = YES;
				CLANG_ANALYZER_NUMBER_OBJECT_CONVERSION = YES_AGGRESSIVE;
				CLANG_CXX_LANGUAGE_STANDARD = "gnu++14";
				CLANG_CXX_LIBRARY = "libc++";
				CLANG_ENABLE_MODULES = YES;
				CLANG_ENABLE_OBJC_ARC = YES;
				CLANG_ENABLE_OBJC_WEAK = YES;
				CLANG_WARN_BLOCK_CAPTURE_AUTORELEASING = YES;
				CLANG_WARN_BOOL_CONVERSION = YES;
				CLANG_WARN_COMMA = YES;
				CLANG_WARN_CONSTANT_CONVERSION = YES;
				CLANG_WARN_DEPRECATED_OBJC_IMPLEMENTATIONS = YES;
				CLANG_WARN_DIRECT_OBJC_ISA_USAGE = YES_ERROR;
				CLANG_WARN_DOCUMENTATION_COMMENTS = YES;
				CLANG_WARN_EMPTY_BODY = YES;
				CLANG_WARN_ENUM_CONVERSION = YES;
				CLANG_WARN_INFINITE_RECURSION = YES;
				CLANG_WARN_INT_CONVERSION = YES;
				CLANG_WARN_NON_LITERAL_NULL_CONVERSION = YES;
				CLANG_WARN_OBJC_IMPLICIT_RETAIN_SELF = YES;
				CLANG_WARN_OBJC_LITERAL_CONVERSION = YES;
				CLANG_WARN_OBJC_ROOT_CLASS = YES_ERROR;
				CLANG_WARN_QUOTED_INCLUDE_IN_FRAMEWORK_HEADER = YES;
				CLANG_WARN_RANGE_LOOP_ANALYSIS = YES;
				CLANG_WARN_STRICT_PROTOTYPES = YES;
				CLANG_WARN_SUSPICIOUS_MOVE = YES;
				CLANG_WARN_UNGUARDED_AVAILABILITY = YES_AGGRESSIVE;
				CLANG_WARN_UNREACHABLE_CODE = YES;
				CLANG_WARN__DUPLICATE_METHOD_MATCH = YES;
				COPY_PHASE_STRIP = NO;
				DEBUG_INFORMATION_FORMAT = "dwarf-with-dsym";
				ENABLE_NS_ASSERTIONS = NO;
				ENABLE_STRICT_OBJC_MSGSEND = YES;
				GCC_C_LANGUAGE_STANDARD = gnu11;
				GCC_NO_COMMON_BLOCKS = YES;
				GCC_WARN_64_TO_32_BIT_CONVERSION = YES;
				GCC_WARN_ABOUT_RETURN_TYPE = YES_ERROR;
				GCC_WARN_UNDECLARED_SELECTOR = YES;
				GCC_WARN_UNINITIALIZED_AUTOS = YES_AGGRESSIVE;
				GCC_WARN_UNUSED_FUNCTION = YES;
				GCC_WARN_UNUSED_VARIABLE = YES;
				IPHONEOS_DEPLOYMENT_TARGET = 14.4;
				MTL_ENABLE_DEBUG_INFO = NO;
				MTL_FAST_MATH = YES;
				SDKROOT = iphoneos;
				SWIFT_COMPILATION_MODE = wholemodule;
				SWIFT_OPTIMIZATION_LEVEL = "-O";
				VALIDATE_PRODUCT = YES;
			};
			name = Release;
		};
		F4CD145B277ED6F1006DB8A9 /* Debug */ = {
			isa = XCBuildConfiguration;
			buildSettings = {
				ASSETCATALOG_COMPILER_APPICON_NAME = AppIcon;
				ASSETCATALOG_COMPILER_GLOBAL_ACCENT_COLOR_NAME = AccentColor;
				CODE_SIGN_STYLE = Automatic;
				DEVELOPMENT_ASSET_PATHS = "\"StateWithListFilterDemo/Preview Content\"";
				DEVELOPMENT_TEAM = 47PZ8KX48S;
				ENABLE_PREVIEWS = YES;
				INFOPLIST_FILE = StateWithListFilterDemo/Info.plist;
				IPHONEOS_DEPLOYMENT_TARGET = 14.0;
				LD_RUNPATH_SEARCH_PATHS = (
					"$(inherited)",
					"@executable_path/Frameworks",
				);
				PRODUCT_BUNDLE_IDENTIFIER = Straviso.StateWithListFilterDemo;
				PRODUCT_NAME = "$(TARGET_NAME)";
				SWIFT_VERSION = 5.0;
				TARGETED_DEVICE_FAMILY = "1,2";
			};
			name = Debug;
		};
		F4CD145C277ED6F1006DB8A9 /* Release */ = {
			isa = XCBuildConfiguration;
			buildSettings = {
				ASSETCATALOG_COMPILER_APPICON_NAME = AppIcon;
				ASSETCATALOG_COMPILER_GLOBAL_ACCENT_COLOR_NAME = AccentColor;
				CODE_SIGN_STYLE = Automatic;
				DEVELOPMENT_ASSET_PATHS = "\"StateWithListFilterDemo/Preview Content\"";
				DEVELOPMENT_TEAM = 47PZ8KX48S;
				ENABLE_PREVIEWS = YES;
				INFOPLIST_FILE = StateWithListFilterDemo/Info.plist;
				IPHONEOS_DEPLOYMENT_TARGET = 14.0;
				LD_RUNPATH_SEARCH_PATHS = (
					"$(inherited)",
					"@executable_path/Frameworks",
				);
				PRODUCT_BUNDLE_IDENTIFIER = Straviso.StateWithListFilterDemo;
				PRODUCT_NAME = "$(TARGET_NAME)";
				SWIFT_VERSION = 5.0;
				TARGETED_DEVICE_FAMILY = "1,2";
			};
			name = Release;
		};
		F4CD145E277ED6F1006DB8A9 /* Debug */ = {
			isa = XCBuildConfiguration;
			buildSettings = {
				ALWAYS_EMBED_SWIFT_STANDARD_LIBRARIES = YES;
				BUNDLE_LOADER = "$(TEST_HOST)";
				CODE_SIGN_STYLE = Automatic;
				DEVELOPMENT_TEAM = 47PZ8KX48S;
				INFOPLIST_FILE = StateWithListFilterDemoTests/Info.plist;
				IPHONEOS_DEPLOYMENT_TARGET = 14.0;
				LD_RUNPATH_SEARCH_PATHS = (
					"$(inherited)",
					"@executable_path/Frameworks",
					"@loader_path/Frameworks",
				);
				PRODUCT_BUNDLE_IDENTIFIER = Straviso.StateWithListFilterDemoTests;
				PRODUCT_NAME = "$(TARGET_NAME)";
				SWIFT_VERSION = 5.0;
				TARGETED_DEVICE_FAMILY = "1,2";
				TEST_HOST = "$(BUILT_PRODUCTS_DIR)/StateWithListFilterDemo.app/StateWithListFilterDemo";
			};
			name = Debug;
		};
		F4CD145F277ED6F1006DB8A9 /* Release */ = {
			isa = XCBuildConfiguration;
			buildSettings = {
				ALWAYS_EMBED_SWIFT_STANDARD_LIBRARIES = YES;
				BUNDLE_LOADER = "$(TEST_HOST)";
				CODE_SIGN_STYLE = Automatic;
				DEVELOPMENT_TEAM = 47PZ8KX48S;
				INFOPLIST_FILE = StateWithListFilterDemoTests/Info.plist;
				IPHONEOS_DEPLOYMENT_TARGET = 14.0;
				LD_RUNPATH_SEARCH_PATHS = (
					"$(inherited)",
					"@executable_path/Frameworks",
					"@loader_path/Frameworks",
				);
				PRODUCT_BUNDLE_IDENTIFIER = Straviso.StateWithListFilterDemoTests;
				PRODUCT_NAME = "$(TARGET_NAME)";
				SWIFT_VERSION = 5.0;
				TARGETED_DEVICE_FAMILY = "1,2";
				TEST_HOST = "$(BUILT_PRODUCTS_DIR)/StateWithListFilterDemo.app/StateWithListFilterDemo";
			};
			name = Release;
		};
		F4CD1461277ED6F1006DB8A9 /* Debug */ = {
			isa = XCBuildConfiguration;
			buildSettings = {
				ALWAYS_EMBED_SWIFT_STANDARD_LIBRARIES = YES;
				CODE_SIGN_STYLE = Automatic;
				DEVELOPMENT_TEAM = 47PZ8KX48S;
				INFOPLIST_FILE = StateWithListFilterDemoUITests/Info.plist;
				LD_RUNPATH_SEARCH_PATHS = (
					"$(inherited)",
					"@executable_path/Frameworks",
					"@loader_path/Frameworks",
				);
				PRODUCT_BUNDLE_IDENTIFIER = Straviso.StateWithListFilterDemoUITests;
				PRODUCT_NAME = "$(TARGET_NAME)";
				SWIFT_VERSION = 5.0;
				TARGETED_DEVICE_FAMILY = "1,2";
				TEST_TARGET_NAME = StateWithListFilterDemo;
			};
			name = Debug;
		};
		F4CD1462277ED6F1006DB8A9 /* Release */ = {
			isa = XCBuildConfiguration;
			buildSettings = {
				ALWAYS_EMBED_SWIFT_STANDARD_LIBRARIES = YES;
				CODE_SIGN_STYLE = Automatic;
				DEVELOPMENT_TEAM = 47PZ8KX48S;
				INFOPLIST_FILE = StateWithListFilterDemoUITests/Info.plist;
				LD_RUNPATH_SEARCH_PATHS = (
					"$(inherited)",
					"@executable_path/Frameworks",
					"@loader_path/Frameworks",
				);
				PRODUCT_BUNDLE_IDENTIFIER = Straviso.StateWithListFilterDemoUITests;
				PRODUCT_NAME = "$(TARGET_NAME)";
				SWIFT_VERSION = 5.0;
				TARGETED_DEVICE_FAMILY = "1,2";
				TEST_TARGET_NAME = StateWithListFilterDemo;
			};
			name = Release;
		};
/* End XCBuildConfiguration section */

/* Begin XCConfigurationList section */
		F4CD1430277ED6EF006DB8A9 /* Build configuration list for PBXProject "StateWithListFilterDemo" */ = {
			isa = XCConfigurationList;
			buildConfigurations = (
				F4CD1458277ED6F1006DB8A9 /* Debug */,
				F4CD1459277ED6F1006DB8A9 /* Release */,
			);
			defaultConfigurationIsVisible = 0;
			defaultConfigurationName = Release;
		};
		F4CD145A277ED6F1006DB8A9 /* Build configuration list for PBXNativeTarget "StateWithListFilterDemo" */ = {
			isa = XCConfigurationList;
			buildConfigurations = (
				F4CD145B277ED6F1006DB8A9 /* Debug */,
				F4CD145C277ED6F1006DB8A9 /* Release */,
			);
			defaultConfigurationIsVisible = 0;
			defaultConfigurationName = Release;
		};
		F4CD145D277ED6F1006DB8A9 /* Build configuration list for PBXNativeTarget "StateWithListFilterDemoTests" */ = {
			isa = XCConfigurationList;
			buildConfigurations = (
				F4CD145E277ED6F1006DB8A9 /* Debug */,
				F4CD145F277ED6F1006DB8A9 /* Release */,
			);
			defaultConfigurationIsVisible = 0;
			defaultConfigurationName = Release;
		};
		F4CD1460277ED6F1006DB8A9 /* Build configuration list for PBXNativeTarget "StateWithListFilterDemoUITests" */ = {
			isa = XCConfigurationList;
			buildConfigurations = (
				F4CD1461277ED6F1006DB8A9 /* Debug */,
				F4CD1462277ED6F1006DB8A9 /* Release */,
			);
			defaultConfigurationIsVisible = 0;
			defaultConfigurationName = Release;
		};
/* End XCConfigurationList section */
	};
	rootObject = F4CD142D277ED6EF006DB8A9 /* Project object */;
}
